Microsoft Visual Studio Solution File, Format Version 12.00
# Visual Studio Version 17
VisualStudioVersion = 17.5.2.0
MinimumVisualStudioVersion = 10.0.40219.1
Project("{FAE04EC0-301F-11D3-BF4B-00C04F79EFBC}") = "EscapeRoomFinder", "EscapeRoomFinder.csproj", "{CCA49680-B9B5-FA41-05B5-BAF869E3FC23}"
EndProject
Global
	GlobalSection(SolutionConfigurationPlatforms) = preSolution
		Debug|Any CPU = Debug|Any CPU
		Release|Any CPU = Release|Any CPU
	EndGlobalSection
	GlobalSection(ProjectConfigurationPlatforms) = postSolution
		{CCA49680-B9B5-FA41-05B5-BAF869E3FC23}.Debug|Any CPU.ActiveCfg = Debug|Any CPU
		{CCA49680-B9B5-FA41-05B5-BAF869E3FC23}.Debug|Any CPU.Build.0 = Debug|Any CPU
		{CCA49680-B9B5-FA41-05B5-BAF869E3FC23}.Release|Any CPU.ActiveCfg = Release|Any CPU
		{CCA49680-B9B5-FA41-05B5-BAF869E3FC23}.Release|Any CPU.Build.0 = Release|Any CPU
	EndGlobalSection
	GlobalSection(SolutionProperties) = preSolution
		HideSolutionNode = FALSE
	EndGlobalSection
	GlobalSection(ExtensibilityGlobals) = postSolution
		SolutionGuid = {7E4C6468-831E-4B6E-8ABD-56F115BE53DC}
	EndGlobalSection
EndGlobal
