Microsoft Visual Studio Solution File, Format Version 12.00
# Visual Studio Version 17
VisualStudioVersion = 17.5.2.0
MinimumVisualStudioVersion = 10.0.40219.1
Project("{FAE04EC0-301F-11D3-BF4B-00C04F79EFBC}") = "VRArcadeFinder", "VRArcadeFinder.csproj", "{EACF05F9-68E3-4960-EE08-AD1FA2CD7744}"
EndProject
Project("{FAE04EC0-301F-11D3-BF4B-00C04F79EFBC}") = "VRArcadeFinder.Tests", "VRArcadeFinder.Tests\VRArcadeFinder.Tests.csproj", "{5D408584-22D3-4C7C-8640-5AABE047B360}"
EndProject
Global
	GlobalSection(SolutionConfigurationPlatforms) = preSolution
		Debug|Any CPU = Debug|Any CPU
		Release|Any CPU = Release|Any CPU
	EndGlobalSection
	GlobalSection(ProjectConfigurationPlatforms) = postSolution
		{EACF05F9-68E3-4960-EE08-AD1FA2CD7744}.Debug|Any CPU.ActiveCfg = Debug|Any CPU
		{EACF05F9-68E3-4960-EE08-AD1FA2CD7744}.Debug|Any CPU.Build.0 = Debug|Any CPU
		{EACF05F9-68E3-4960-EE08-AD1FA2CD7744}.Release|Any CPU.ActiveCfg = Release|Any CPU
		{EACF05F9-68E3-4960-EE08-AD1FA2CD7744}.Release|Any CPU.Build.0 = Release|Any CPU
		{5D408584-22D3-4C7C-8640-5AABE047B360}.Debug|Any CPU.ActiveCfg = Debug|Any CPU
		{5D408584-22D3-4C7C-8640-5AABE047B360}.Debug|Any CPU.Build.0 = Debug|Any CPU
		{5D408584-22D3-4C7C-8640-5AABE047B360}.Release|Any CPU.ActiveCfg = Release|Any CPU
		{5D408584-22D3-4C7C-8640-5AABE047B360}.Release|Any CPU.Build.0 = Release|Any CPU
	EndGlobalSection
	GlobalSection(SolutionProperties) = preSolution
		HideSolutionNode = FALSE
	EndGlobalSection
	GlobalSection(ExtensibilityGlobals) = postSolution
		SolutionGuid = {3068AE1A-A4EE-4FBF-8140-3F992F3283F8}
	EndGlobalSection
EndGlobal
